<?xml version="1.0" encoding="utf-8"?>
<Project ToolsVersion="4.0" xmlns="http://schemas.microsoft.com/developer/msbuild/2003">
  <ItemGroup>
    <ClCompile Include="Src\WinMain.cpp" />
    <ClCompile Include="Src\Camera\Camera.cpp">
      <Filter>Camera</Filter>
    </ClCompile>
    <ClCompile Include="Src\Character\CharacterBase.cpp">
      <Filter>Character</Filter>
    </ClCompile>
    <ClCompile Include="Src\Character\Monster.cpp">
      <Filter>Character</Filter>
    </ClCompile>
    <ClCompile Include="Src\Light\Light.cpp">
      <Filter>Light</Filter>
    </ClCompile>
    <ClCompile Include="Src\Manager\InputControllerManager.cpp">
      <Filter>Manager</Filter>
    </ClCompile>
    <ClCompile Include="Src\Manager\InputManager.cpp">
      <Filter>Manager</Filter>
    </ClCompile>
    <ClCompile Include="Src\Manager\SceneManager.cpp">
      <Filter>Manager</Filter>
    </ClCompile>
    <ClCompile Include="Src\Manager\StageManager.cpp">
      <Filter>Manager</Filter>
    </ClCompile>
    <ClCompile Include="Src\Manager\TextureManager.cpp">
      <Filter>Manager</Filter>
    </ClCompile>
    <ClCompile Include="Src\Scene\TitleScene.cpp">
      <Filter>Scene</Filter>
    </ClCompile>
    <ClCompile Include="Src\Scene\ResultScene.cpp">
      <Filter>Scene</Filter>
    </ClCompile>
    <ClCompile Include="Src\Scene\InGameScene.cpp">
      <Filter>Scene</Filter>
    </ClCompile>
    <ClCompile Include="Src\Manager\Input.cpp">
      <Filter>Manager</Filter>
    </ClCompile>
    <ClCompile Include="Src\Manager\ModelManager.cpp">
      <Filter>Manager</Filter>
    </ClCompile>
  </ItemGroup>
  <ItemGroup>
    <ClInclude Include="Src\Camera\Camera.h">
      <Filter>Camera</Filter>
    </ClInclude>
    <ClInclude Include="Src\Character\CharacterBase.h">
      <Filter>Character</Filter>
    </ClInclude>
    <ClInclude Include="Src\Character\Monster.h">
      <Filter>Character</Filter>
    </ClInclude>
    <ClInclude Include="Src\Light\Light.h">
      <Filter>Light</Filter>
    </ClInclude>
    <ClInclude Include="Src\Definition\Concepts.hpp">
      <Filter>Definition</Filter>
    </ClInclude>
    <ClInclude Include="Src\Definition\Definition.h">
      <Filter>Definition</Filter>
    </ClInclude>
    <ClInclude Include="Src\Manager\InputControllerManager.h">
      <Filter>Manager</Filter>
    </ClInclude>
    <ClInclude Include="Src\Manager\InputManager.h">
      <Filter>Manager</Filter>
    </ClInclude>
    <ClInclude Include="Src\Manager\InputState.h">
      <Filter>Manager</Filter>
    </ClInclude>
    <ClInclude Include="Src\Manager\SceneManager.h">
      <Filter>Manager</Filter>
    </ClInclude>
    <ClInclude Include="Src\Manager\StageManager.h">
      <Filter>Manager</Filter>
    </ClInclude>
    <ClInclude Include="Src\Manager\TextureManager.h">
      <Filter>Manager</Filter>
    </ClInclude>
    <ClInclude Include="Src\Scene\TitleScene.h">
      <Filter>Scene</Filter>
    </ClInclude>
    <ClInclude Include="Src\Scene\ResultScene.h">
      <Filter>Scene</Filter>
    </ClInclude>
    <ClInclude Include="Src\Scene\SceneBase.h">
      <Filter>Scene</Filter>
    </ClInclude>
    <ClInclude Include="Src\Scene\InGameScene.h">
      <Filter>Scene</Filter>
    </ClInclude>
    <ClInclude Include="Src\Utility\SizeImpl\Size2.hpp">
      <Filter>Utility\SizeImpl</Filter>
    </ClInclude>
    <ClInclude Include="Src\Utility\VectorImpl\Vector2.hpp">
      <Filter>Utility\VectorImpl</Filter>
    </ClInclude>
    <ClInclude Include="Src\Utility\VectorImpl\Vector3.hpp">
      <Filter>Utility\VectorImpl</Filter>
    </ClInclude>
    <ClInclude Include="Src\Utility\SizeImpl\Size3.hpp">
      <Filter>Utility\SizeImpl</Filter>
    </ClInclude>
    <ClInclude Include="Src\Utility\PropertyImpl\BasicProperty.hpp">
      <Filter>Utility\PropertyImpl</Filter>
    </ClInclude>
    <ClInclude Include="Src\Utility\PropertyImpl\ReadonlyProperty.hpp">
      <Filter>Utility\PropertyImpl</Filter>
    </ClInclude>
    <ClInclude Include="Src\Utility\DxLibExtention.h">
      <Filter>Utility</Filter>
    </ClInclude>
    <ClInclude Include="Src\Utility\Function.h">
      <Filter>Utility</Filter>
    </ClInclude>
    <ClInclude Include="Src\Utility\Property.hpp">
      <Filter>Utility</Filter>
    </ClInclude>
    <ClInclude Include="Src\Utility\Singleton.h">
      <Filter>Utility</Filter>
    </ClInclude>
    <ClInclude Include="Src\Utility\Size.hpp">
      <Filter>Utility</Filter>
    </ClInclude>
    <ClInclude Include="Src\Utility\Vector.hpp">
      <Filter>Utility</Filter>
    </ClInclude>
    <ClInclude Include="Src\Manager\Input.h">
      <Filter>Manager</Filter>
    </ClInclude>
    <ClInclude Include="Src\Manager\ModelManager.h">
      <Filter>Manager</Filter>
    </ClInclude>
  </ItemGroup>
  <ItemGroup>
    <None Include=".clang-format" />
  </ItemGroup>
  <ItemGroup>
    <Filter Include="Camera">
      <UniqueIdentifier>{c40d2eb1-c0fa-4ee8-8f0c-0f7be1d92e87}</UniqueIdentifier>
    </Filter>
    <Filter Include="Character">
      <UniqueIdentifier>{b56c3477-2ed0-4ef1-a731-b402c7bf5823}</UniqueIdentifier>
    </Filter>
    <Filter Include="Definition">
      <UniqueIdentifier>{5f5529cd-65f8-4bf9-b97e-8dd60ab7c53b}</UniqueIdentifier>
    </Filter>
    <Filter Include="Light">
      <UniqueIdentifier>{eb476545-9d81-486e-aeb9-da3699b85829}</UniqueIdentifier>
    </Filter>
    <Filter Include="Manager">
      <UniqueIdentifier>{d86f3ea0-5546-4b89-844a-d7957112322f}</UniqueIdentifier>
    </Filter>
    <Filter Include="Utility">
      <UniqueIdentifier>{471c72d3-5911-4eb0-90b0-9fd3d5e0951e}</UniqueIdentifier>
    </Filter>
    <Filter Include="Scene">
      <UniqueIdentifier>{5589ecb3-4314-48a7-a0a7-bc672fbb1578}</UniqueIdentifier>
    </Filter>
    <Filter Include="Utility\PropertyImpl">
      <UniqueIdentifier>{65eef323-51a8-41b3-a373-ad1ad8cb8599}</UniqueIdentifier>
    </Filter>
    <Filter Include="Utility\SizeImpl">
      <UniqueIdentifier>{ce8506b8-297e-4f55-b215-26c401c39e35}</UniqueIdentifier>
    </Filter>
    <Filter Include="Utility\VectorImpl">
      <UniqueIdentifier>{730626f8-ba59-41e2-a641-63893a00db08}</UniqueIdentifier>
    </Filter>
  </ItemGroup>
</Project>